
Microsoft Visual Studio Solution File, Format Version 12.00
# Visual Studio 2013
VisualStudioVersion = 12.0.21005.1
MinimumVisualStudioVersion = 10.0.40219.1
Project("{FAE04EC0-301F-11D3-BF4B-00C04F79EFBC}") = "Adaptive.SimpleBinaryEncoding", "..\main\csharp\Adaptive.SimpleBinaryEncoding.csproj", "{CE883FD9-14A5-409C-AEBC-86BEA4E3C502}"
EndProject
Project("{FAE04EC0-301F-11D3-BF4B-00C04F79EFBC}") = "Adaptive.SimpleBinaryEncoding.Examples", "..\examples\csharp\Adaptive.SimpleBinaryEncoding.Examples.csproj", "{2B325F15-0C54-49F5-A4B9-16088222CC0E}"
EndProject
Project("{FAE04EC0-301F-11D3-BF4B-00C04F79EFBC}") = "Adaptive.SimpleBinaryEncoding.Tests", "..\test\csharp\Adaptive.SimpleBinaryEncoding.Tests.csproj", "{DAA4BBC4-6F20-4B25-AF87-7345EA3C9EDB}"
EndProject
Project("{2150E333-8FDC-42A3-9474-1A3956D46DE8}") = ".nuget", ".nuget", "{2DF0F31C-04ED-4DFD-8E95-FD6386F0C906}"
	ProjectSection(SolutionItems) = preProject
		.nuget\NuGet.Config = .nuget\NuGet.Config
		.nuget\NuGet.exe = .nuget\NuGet.exe
		.nuget\NuGet.targets = .nuget\NuGet.targets
	EndProjectSection
EndProject
Project("{2150E333-8FDC-42A3-9474-1A3956D46DE8}") = "Solution Items", "Solution Items", "{DF19E161-4491-4C5E-9393-70B1CD14315E}"
	ProjectSection(SolutionItems) = preProject
		build.xml = build.xml
		GlobalAssemblyInfo.cs = GlobalAssemblyInfo.cs
		README.md = README.md
		.nuget\SBE.nuspec = .nuget\SBE.nuspec
		TrackJavaCommits.txt = TrackJavaCommits.txt
	EndProjectSection
EndProject
Project("{FAE04EC0-301F-11D3-BF4B-00C04F79EFBC}") = "Adaptive.SimpleBinaryEncoding.PerfTests", "..\perf\csharp\Adaptive.SimpleBinaryEncoding.PerfTests\Adaptive.SimpleBinaryEncoding.PerfTests.csproj", "{B4A22C65-AC09-43A7-B7D6-141A0B9EC0E0}"
EndProject
Global
	GlobalSection(SolutionConfigurationPlatforms) = preSolution
		Debug|Any CPU = Debug|Any CPU
		Release|Any CPU = Release|Any CPU
	EndGlobalSection
	GlobalSection(ProjectConfigurationPlatforms) = postSolution
		{CE883FD9-14A5-409C-AEBC-86BEA4E3C502}.Debug|Any CPU.ActiveCfg = Debug|Any CPU
		{CE883FD9-14A5-409C-AEBC-86BEA4E3C502}.Debug|Any CPU.Build.0 = Debug|Any CPU
		{CE883FD9-14A5-409C-AEBC-86BEA4E3C502}.Release|Any CPU.ActiveCfg = Release|Any CPU
		{CE883FD9-14A5-409C-AEBC-86BEA4E3C502}.Release|Any CPU.Build.0 = Release|Any CPU
		{2B325F15-0C54-49F5-A4B9-16088222CC0E}.Debug|Any CPU.ActiveCfg = Debug|Any CPU
		{2B325F15-0C54-49F5-A4B9-16088222CC0E}.Debug|Any CPU.Build.0 = Debug|Any CPU
		{2B325F15-0C54-49F5-A4B9-16088222CC0E}.Release|Any CPU.ActiveCfg = Release|Any CPU
		{2B325F15-0C54-49F5-A4B9-16088222CC0E}.Release|Any CPU.Build.0 = Release|Any CPU
		{DAA4BBC4-6F20-4B25-AF87-7345EA3C9EDB}.Debug|Any CPU.ActiveCfg = Debug|Any CPU
		{DAA4BBC4-6F20-4B25-AF87-7345EA3C9EDB}.Debug|Any CPU.Build.0 = Debug|Any CPU
		{DAA4BBC4-6F20-4B25-AF87-7345EA3C9EDB}.Release|Any CPU.ActiveCfg = Release|Any CPU
		{DAA4BBC4-6F20-4B25-AF87-7345EA3C9EDB}.Release|Any CPU.Build.0 = Release|Any CPU
		{B4A22C65-AC09-43A7-B7D6-141A0B9EC0E0}.Debug|Any CPU.ActiveCfg = Debug|Any CPU
		{B4A22C65-AC09-43A7-B7D6-141A0B9EC0E0}.Debug|Any CPU.Build.0 = Debug|Any CPU
		{B4A22C65-AC09-43A7-B7D6-141A0B9EC0E0}.Release|Any CPU.ActiveCfg = Release|Any CPU
		{B4A22C65-AC09-43A7-B7D6-141A0B9EC0E0}.Release|Any CPU.Build.0 = Release|Any CPU
	EndGlobalSection
	GlobalSection(SolutionProperties) = preSolution
		HideSolutionNode = FALSE
	EndGlobalSection
EndGlobal
